
Microsoft Visual Studio Solution File, Format Version 12.00
# Visual Studio Version 17
VisualStudioVersion = 17.10.35122.118
MinimumVisualStudioVersion = 10.0.40219.1
Project("{FAE04EC0-301F-11D3-BF4B-00C04F79EFBC}") = "Servidor", "Servidor\Servidor.csproj", "{7AA29D2D-EB19-4854-9639-BE43186FD428}"
EndProject
Project("{FAE04EC0-301F-11D3-BF4B-00C04F79EFBC}") = "Cliente", "Cliente\Cliente.csproj", "{75772D1F-FB62-437E-B169-C04C25BBC067}"
EndProject
Global
	GlobalSection(SolutionConfigurationPlatforms) = preSolution
		Debug|Any CPU = Debug|Any CPU
		Release|Any CPU = Release|Any CPU
	EndGlobalSection
	GlobalSection(ProjectConfigurationPlatforms) = postSolution
		{7AA29D2D-EB19-4854-9639-BE43186FD428}.Debug|Any CPU.ActiveCfg = Debug|Any CPU
		{7AA29D2D-EB19-4854-9639-BE43186FD428}.Debug|Any CPU.Build.0 = Debug|Any CPU
		{7AA29D2D-EB19-4854-9639-BE43186FD428}.Release|Any CPU.ActiveCfg = Release|Any CPU
		{7AA29D2D-EB19-4854-9639-BE43186FD428}.Release|Any CPU.Build.0 = Release|Any CPU
		{75772D1F-FB62-437E-B169-C04C25BBC067}.Debug|Any CPU.ActiveCfg = Debug|Any CPU
		{75772D1F-FB62-437E-B169-C04C25BBC067}.Debug|Any CPU.Build.0 = Debug|Any CPU
		{75772D1F-FB62-437E-B169-C04C25BBC067}.Release|Any CPU.ActiveCfg = Release|Any CPU
		{75772D1F-FB62-437E-B169-C04C25BBC067}.Release|Any CPU.Build.0 = Release|Any CPU
	EndGlobalSection
	GlobalSection(SolutionProperties) = preSolution
		HideSolutionNode = FALSE
	EndGlobalSection
	GlobalSection(ExtensibilityGlobals) = postSolution
		SolutionGuid = {833F60E5-EE1A-4D2E-A53E-936060837366}
	EndGlobalSection
EndGlobal
